
Microsoft Visual Studio Solution File, Format Version 12.00
# Visual Studio Version 16
VisualStudioVersion = 16.0.29521.150
MinimumVisualStudioVersion = 10.0.40219.1
Project("{9A19103F-16F7-4668-BE54-9A1E7A4F7556}") = "Xtensive.Orm", "Orm\Xtensive.Orm\Xtensive.Orm.csproj", "{064D5B81-8D54-4F2F-9649-952F71E27E14}"
EndProject
Project("{9A19103F-16F7-4668-BE54-9A1E7A4F7556}") = "Xtensive.Orm.Tests.Framework", "Orm\Xtensive.Orm.Tests.Framework\Xtensive.Orm.Tests.Framework.csproj", "{4E5C9208-426B-4536-AF7C-994C07E83FFA}"
EndProject
Project("{9A19103F-16F7-4668-BE54-9A1E7A4F7556}") = "Xtensive.Orm.Tests", "Orm\Xtensive.Orm.Tests\Xtensive.Orm.Tests.csproj", "{4A985241-6698-47AA-A9DD-F3847600D542}"
EndProject
Project("{9A19103F-16F7-4668-BE54-9A1E7A4F7556}") = "Xtensive.Orm.Tests.Core", "Orm\Xtensive.Orm.Tests.Core\Xtensive.Orm.Tests.Core.csproj", "{411F1ECB-053D-470A-9B75-49D715B440D6}"
EndProject
Project("{9A19103F-16F7-4668-BE54-9A1E7A4F7556}") = "Xtensive.Orm.Manual", "Orm\Xtensive.Orm.Manual\Xtensive.Orm.Manual.csproj", "{36F889C0-F5D9-43DF-9E6E-D18C97673973}"
EndProject
Project("{9A19103F-16F7-4668-BE54-9A1E7A4F7556}") = "Xtensive.Orm.Tests.Sql", "Orm\Xtensive.Orm.Tests.Sql\Xtensive.Orm.Tests.Sql.csproj", "{E6268FB3-D38A-4849-A43D-CB0FF7B67E60}"
EndProject
Project("{9A19103F-16F7-4668-BE54-9A1E7A4F7556}") = "Xtensive.Orm.PostgreSql", "Orm\Xtensive.Orm.PostgreSql\Xtensive.Orm.PostgreSql.csproj", "{C9B5BFED-85BC-47AE-8872-0BA97AF7B8B9}"
EndProject
Project("{9A19103F-16F7-4668-BE54-9A1E7A4F7556}") = "Xtensive.Orm.Firebird", "Orm\Xtensive.Orm.Firebird\Xtensive.Orm.Firebird.csproj", "{CB5E5E27-C723-494D-B288-036267823D28}"
EndProject
Project("{9A19103F-16F7-4668-BE54-9A1E7A4F7556}") = "Xtensive.Orm.Oracle", "Orm\Xtensive.Orm.Oracle\Xtensive.Orm.Oracle.csproj", "{38F31CBB-034B-4231-91BE-D7D24C8A20F9}"
EndProject
Project("{9A19103F-16F7-4668-BE54-9A1E7A4F7556}") = "Xtensive.Orm.MySql", "Orm\Xtensive.Orm.MySql\Xtensive.Orm.MySql.csproj", "{53CB563A-BE93-4061-BDB3-AC3B69093A90}"
EndProject
Project("{9A19103F-16F7-4668-BE54-9A1E7A4F7556}") = "Xtensive.Orm.Sqlite", "Orm\Xtensive.Orm.Sqlite\Xtensive.Orm.Sqlite.csproj", "{6CA1FDE2-ECBA-4580-97C3-A00B707558DB}"
EndProject
Project("{2150E333-8FDC-42A3-9474-1A3956D46DE8}") = "Orm.Libs", "Orm.Libs", "{2302847B-292A-4650-A852-BDED40E1BB1C}"
EndProject
Project("{2150E333-8FDC-42A3-9474-1A3956D46DE8}") = "Orm.Tests", "Orm.Tests", "{8AAB1719-253A-47D2-970F-1911CFEE84B7}"
EndProject
Project("{2150E333-8FDC-42A3-9474-1A3956D46DE8}") = "Extensions.Libs", "Extensions.Libs", "{C4AA9FB1-2A47-4E3A-A78C-BBE20EDCB3E1}"
EndProject
Project("{2150E333-8FDC-42A3-9474-1A3956D46DE8}") = "Extensions.Tests", "Extensions.Tests", "{DC441957-AF79-423D-AA60-2F102926F6D2}"
EndProject
Project("{9A19103F-16F7-4668-BE54-9A1E7A4F7556}") = "Xtensive.Orm.BulkOperations", "Extensions\Xtensive.Orm.BulkOperations\Xtensive.Orm.BulkOperations.csproj", "{DC44D096-DF24-41EC-9841-07F33E0A8EA3}"
EndProject
Project("{9A19103F-16F7-4668-BE54-9A1E7A4F7556}") = "Xtensive.Orm.Localization", "Extensions\Xtensive.Orm.Localization\Xtensive.Orm.Localization.csproj", "{1E0545D6-D979-48E0-A311-064BEDCE5A62}"
EndProject
Project("{9A19103F-16F7-4668-BE54-9A1E7A4F7556}") = "Xtensive.Orm.Logging.log4net", "Extensions\Xtensive.Orm.Logging.log4net\Xtensive.Orm.Logging.log4net.csproj", "{BA58CD9C-139B-41AB-915D-962765DFADBA}"
EndProject
Project("{9A19103F-16F7-4668-BE54-9A1E7A4F7556}") = "Xtensive.Orm.Logging.NLog", "Extensions\Xtensive.Orm.Logging.NLog\Xtensive.Orm.Logging.NLog.csproj", "{6E052601-9E0C-473D-A617-AD74DED24DC0}"
EndProject
Project("{9A19103F-16F7-4668-BE54-9A1E7A4F7556}") = "Xtensive.Orm.Reprocessing", "Extensions\Xtensive.Orm.Reprocessing\Xtensive.Orm.Reprocessing.csproj", "{CE6BC11C-E785-4F10-A945-2416FD001689}"
EndProject
Project("{9A19103F-16F7-4668-BE54-9A1E7A4F7556}") = "Xtensive.Orm.Security", "Extensions\Xtensive.Orm.Security\Xtensive.Orm.Security.csproj", "{48827567-3991-4767-BED5-C76CAD47628E}"
EndProject
Project("{9A19103F-16F7-4668-BE54-9A1E7A4F7556}") = "Xtensive.Orm.Tracking", "Extensions\Xtensive.Orm.Tracking\Xtensive.Orm.Tracking.csproj", "{9CB81088-CF8A-400C-B80A-2D9782ED5B10}"
EndProject
Project("{9A19103F-16F7-4668-BE54-9A1E7A4F7556}") = "Xtensive.Orm.Web", "Extensions\Xtensive.Orm.Web\Xtensive.Orm.Web.csproj", "{5E809296-02AA-4657-9FC1-CE0E0828B2B5}"
EndProject
Project("{9A19103F-16F7-4668-BE54-9A1E7A4F7556}") = "TestCommon", "Extensions\TestCommon\TestCommon.csproj", "{0AB4E2E3-9F74-4CB9-A25D-5C8FD38D9291}"
EndProject
Project("{9A19103F-16F7-4668-BE54-9A1E7A4F7556}") = "Xtensive.Orm.BulkOperations.Tests", "Extensions\Xtensive.Orm.BulkOperations.Tests\Xtensive.Orm.BulkOperations.Tests.csproj", "{23550452-235D-4413-952B-BB8A45CAF8B1}"
EndProject
Project("{9A19103F-16F7-4668-BE54-9A1E7A4F7556}") = "Xtensive.Orm.Localization.Tests", "Extensions\Xtensive.Orm.Localization.Tests\Xtensive.Orm.Localization.Tests.csproj", "{643D0EC3-D15E-4061-A3B7-EBB54EEB3069}"
EndProject
Project("{9A19103F-16F7-4668-BE54-9A1E7A4F7556}") = "Xtensive.Orm.Logging.log4net.Tests", "Extensions\Xtensive.Orm.Logging.log4net.Tests\Xtensive.Orm.Logging.log4net.Tests.csproj", "{2481997F-AC95-43B2-8A4E-0210E50387D5}"
EndProject
Project("{9A19103F-16F7-4668-BE54-9A1E7A4F7556}") = "Xtensive.Orm.Logging.NLog.Tests", "Extensions\Xtensive.Orm.Logging.NLog.Tests\Xtensive.Orm.Logging.NLog.Tests.csproj", "{04580B17-B4FC-41A8-8ABC-336822F4ADB9}"
EndProject
Project("{9A19103F-16F7-4668-BE54-9A1E7A4F7556}") = "Xtensive.Orm.Reprocessing.Tests", "Extensions\Xtensive.Orm.Reprocessing.Tests\Xtensive.Orm.Reprocessing.Tests.csproj", "{6CBBB146-851F-49A6-88EC-01FFE455815B}"
EndProject
Project("{9A19103F-16F7-4668-BE54-9A1E7A4F7556}") = "Xtensive.Orm.Security.Tests", "Extensions\Xtensive.Orm.Security.Tests\Xtensive.Orm.Security.Tests.csproj", "{3AC7C076-26BA-4185-A0FC-2B97D7AF48D9}"
EndProject
Project("{9A19103F-16F7-4668-BE54-9A1E7A4F7556}") = "Xtensive.Orm.Tracking.Tests", "Extensions\Xtensive.Orm.Tracking.Tests\Xtensive.Orm.Tracking.Tests.csproj", "{15CC7358-3A5B-4146-A5CB-78DAE75E88E6}"
EndProject
Project("{2150E333-8FDC-42A3-9474-1A3956D46DE8}") = ".Cfg", ".Cfg", "{C02BF3D5-F591-454D-81D4-A3135A24FB81}"
	ProjectSection(SolutionItems) = preProject
		.editorconfig = .editorconfig
		.gitignore = .gitignore
		Directory.Build.props = Directory.Build.props
		User.Directory.Build.props.example = User.Directory.Build.props.example
		Version.props = Version.props
	EndProjectSection
EndProject
Project("{9A19103F-16F7-4668-BE54-9A1E7A4F7556}") = "Xtensive.Orm.Weaver", "Weaver\Xtensive.Orm.Weaver\Xtensive.Orm.Weaver.csproj", "{75B3DB45-3055-4A22-854A-BD271D5E4218}"
EndProject
Project("{FAE04EC0-301F-11D3-BF4B-00C04F79EFBC}") = "Xtensive.Orm.SqlServer", "Orm\Xtensive.Orm.SqlServer\Xtensive.Orm.SqlServer.csproj", "{45000ADE-F647-4171-A91A-428CDF682603}"
EndProject
Project("{2150E333-8FDC-42A3-9474-1A3956D46DE8}") = ".Publish", ".Publish", "{5726BBD8-14F9-4909-B765-3E7709223B61}"
EndProject
Project("{9A19103F-16F7-4668-BE54-9A1E7A4F7556}") = "NuGetPublish", "Publish\NuGetPublish.csproj", "{2CC55F3E-8EA5-4305-8716-D5B944120F82}"
EndProject
Global
	GlobalSection(SolutionConfigurationPlatforms) = preSolution
		Debug|Any CPU = Debug|Any CPU
		Release|Any CPU = Release|Any CPU
	EndGlobalSection
	GlobalSection(ProjectConfigurationPlatforms) = postSolution
		{064D5B81-8D54-4F2F-9649-952F71E27E14}.Debug|Any CPU.ActiveCfg = Debug|Any CPU
		{064D5B81-8D54-4F2F-9649-952F71E27E14}.Debug|Any CPU.Build.0 = Debug|Any CPU
		{064D5B81-8D54-4F2F-9649-952F71E27E14}.Release|Any CPU.ActiveCfg = Release|Any CPU
		{064D5B81-8D54-4F2F-9649-952F71E27E14}.Release|Any CPU.Build.0 = Release|Any CPU
		{4E5C9208-426B-4536-AF7C-994C07E83FFA}.Debug|Any CPU.ActiveCfg = Debug|Any CPU
		{4E5C9208-426B-4536-AF7C-994C07E83FFA}.Debug|Any CPU.Build.0 = Debug|Any CPU
		{4E5C9208-426B-4536-AF7C-994C07E83FFA}.Release|Any CPU.ActiveCfg = Release|Any CPU
		{4E5C9208-426B-4536-AF7C-994C07E83FFA}.Release|Any CPU.Build.0 = Release|Any CPU
		{4A985241-6698-47AA-A9DD-F3847600D542}.Debug|Any CPU.ActiveCfg = Debug|Any CPU
		{4A985241-6698-47AA-A9DD-F3847600D542}.Debug|Any CPU.Build.0 = Debug|Any CPU
		{4A985241-6698-47AA-A9DD-F3847600D542}.Release|Any CPU.ActiveCfg = Release|Any CPU
		{4A985241-6698-47AA-A9DD-F3847600D542}.Release|Any CPU.Build.0 = Release|Any CPU
		{411F1ECB-053D-470A-9B75-49D715B440D6}.Debug|Any CPU.ActiveCfg = Debug|Any CPU
		{411F1ECB-053D-470A-9B75-49D715B440D6}.Debug|Any CPU.Build.0 = Debug|Any CPU
		{411F1ECB-053D-470A-9B75-49D715B440D6}.Release|Any CPU.ActiveCfg = Release|Any CPU
		{411F1ECB-053D-470A-9B75-49D715B440D6}.Release|Any CPU.Build.0 = Release|Any CPU
		{36F889C0-F5D9-43DF-9E6E-D18C97673973}.Debug|Any CPU.ActiveCfg = Debug|Any CPU
		{36F889C0-F5D9-43DF-9E6E-D18C97673973}.Debug|Any CPU.Build.0 = Debug|Any CPU
		{36F889C0-F5D9-43DF-9E6E-D18C97673973}.Release|Any CPU.ActiveCfg = Release|Any CPU
		{36F889C0-F5D9-43DF-9E6E-D18C97673973}.Release|Any CPU.Build.0 = Release|Any CPU
		{E6268FB3-D38A-4849-A43D-CB0FF7B67E60}.Debug|Any CPU.ActiveCfg = Debug|Any CPU
		{E6268FB3-D38A-4849-A43D-CB0FF7B67E60}.Debug|Any CPU.Build.0 = Debug|Any CPU
		{E6268FB3-D38A-4849-A43D-CB0FF7B67E60}.Release|Any CPU.ActiveCfg = Release|Any CPU
		{E6268FB3-D38A-4849-A43D-CB0FF7B67E60}.Release|Any CPU.Build.0 = Release|Any CPU
		{C9B5BFED-85BC-47AE-8872-0BA97AF7B8B9}.Debug|Any CPU.ActiveCfg = Debug|Any CPU
		{C9B5BFED-85BC-47AE-8872-0BA97AF7B8B9}.Debug|Any CPU.Build.0 = Debug|Any CPU
		{C9B5BFED-85BC-47AE-8872-0BA97AF7B8B9}.Release|Any CPU.ActiveCfg = Release|Any CPU
		{C9B5BFED-85BC-47AE-8872-0BA97AF7B8B9}.Release|Any CPU.Build.0 = Release|Any CPU
		{CB5E5E27-C723-494D-B288-036267823D28}.Debug|Any CPU.ActiveCfg = Debug|Any CPU
		{CB5E5E27-C723-494D-B288-036267823D28}.Debug|Any CPU.Build.0 = Debug|Any CPU
		{CB5E5E27-C723-494D-B288-036267823D28}.Release|Any CPU.ActiveCfg = Release|Any CPU
		{CB5E5E27-C723-494D-B288-036267823D28}.Release|Any CPU.Build.0 = Release|Any CPU
		{38F31CBB-034B-4231-91BE-D7D24C8A20F9}.Debug|Any CPU.ActiveCfg = Debug|Any CPU
		{38F31CBB-034B-4231-91BE-D7D24C8A20F9}.Debug|Any CPU.Build.0 = Debug|Any CPU
		{38F31CBB-034B-4231-91BE-D7D24C8A20F9}.Release|Any CPU.ActiveCfg = Release|Any CPU
		{38F31CBB-034B-4231-91BE-D7D24C8A20F9}.Release|Any CPU.Build.0 = Release|Any CPU
		{53CB563A-BE93-4061-BDB3-AC3B69093A90}.Debug|Any CPU.ActiveCfg = Debug|Any CPU
		{53CB563A-BE93-4061-BDB3-AC3B69093A90}.Debug|Any CPU.Build.0 = Debug|Any CPU
		{53CB563A-BE93-4061-BDB3-AC3B69093A90}.Release|Any CPU.ActiveCfg = Release|Any CPU
		{53CB563A-BE93-4061-BDB3-AC3B69093A90}.Release|Any CPU.Build.0 = Release|Any CPU
		{6CA1FDE2-ECBA-4580-97C3-A00B707558DB}.Debug|Any CPU.ActiveCfg = Debug|Any CPU
		{6CA1FDE2-ECBA-4580-97C3-A00B707558DB}.Debug|Any CPU.Build.0 = Debug|Any CPU
		{6CA1FDE2-ECBA-4580-97C3-A00B707558DB}.Release|Any CPU.ActiveCfg = Release|Any CPU
		{6CA1FDE2-ECBA-4580-97C3-A00B707558DB}.Release|Any CPU.Build.0 = Release|Any CPU
		{DC44D096-DF24-41EC-9841-07F33E0A8EA3}.Debug|Any CPU.ActiveCfg = Debug|Any CPU
		{DC44D096-DF24-41EC-9841-07F33E0A8EA3}.Debug|Any CPU.Build.0 = Debug|Any CPU
		{DC44D096-DF24-41EC-9841-07F33E0A8EA3}.Release|Any CPU.ActiveCfg = Release|Any CPU
		{DC44D096-DF24-41EC-9841-07F33E0A8EA3}.Release|Any CPU.Build.0 = Release|Any CPU
		{1E0545D6-D979-48E0-A311-064BEDCE5A62}.Debug|Any CPU.ActiveCfg = Debug|Any CPU
		{1E0545D6-D979-48E0-A311-064BEDCE5A62}.Debug|Any CPU.Build.0 = Debug|Any CPU
		{1E0545D6-D979-48E0-A311-064BEDCE5A62}.Release|Any CPU.ActiveCfg = Release|Any CPU
		{1E0545D6-D979-48E0-A311-064BEDCE5A62}.Release|Any CPU.Build.0 = Release|Any CPU
		{BA58CD9C-139B-41AB-915D-962765DFADBA}.Debug|Any CPU.ActiveCfg = Debug|Any CPU
		{BA58CD9C-139B-41AB-915D-962765DFADBA}.Debug|Any CPU.Build.0 = Debug|Any CPU
		{BA58CD9C-139B-41AB-915D-962765DFADBA}.Release|Any CPU.ActiveCfg = Release|Any CPU
		{BA58CD9C-139B-41AB-915D-962765DFADBA}.Release|Any CPU.Build.0 = Release|Any CPU
		{6E052601-9E0C-473D-A617-AD74DED24DC0}.Debug|Any CPU.ActiveCfg = Debug|Any CPU
		{6E052601-9E0C-473D-A617-AD74DED24DC0}.Debug|Any CPU.Build.0 = Debug|Any CPU
		{6E052601-9E0C-473D-A617-AD74DED24DC0}.Release|Any CPU.ActiveCfg = Release|Any CPU
		{6E052601-9E0C-473D-A617-AD74DED24DC0}.Release|Any CPU.Build.0 = Release|Any CPU
		{CE6BC11C-E785-4F10-A945-2416FD001689}.Debug|Any CPU.ActiveCfg = Debug|Any CPU
		{CE6BC11C-E785-4F10-A945-2416FD001689}.Debug|Any CPU.Build.0 = Debug|Any CPU
		{CE6BC11C-E785-4F10-A945-2416FD001689}.Release|Any CPU.ActiveCfg = Release|Any CPU
		{CE6BC11C-E785-4F10-A945-2416FD001689}.Release|Any CPU.Build.0 = Release|Any CPU
		{48827567-3991-4767-BED5-C76CAD47628E}.Debug|Any CPU.ActiveCfg = Debug|Any CPU
		{48827567-3991-4767-BED5-C76CAD47628E}.Debug|Any CPU.Build.0 = Debug|Any CPU
		{48827567-3991-4767-BED5-C76CAD47628E}.Release|Any CPU.ActiveCfg = Release|Any CPU
		{48827567-3991-4767-BED5-C76CAD47628E}.Release|Any CPU.Build.0 = Release|Any CPU
		{9CB81088-CF8A-400C-B80A-2D9782ED5B10}.Debug|Any CPU.ActiveCfg = Debug|Any CPU
		{9CB81088-CF8A-400C-B80A-2D9782ED5B10}.Debug|Any CPU.Build.0 = Debug|Any CPU
		{9CB81088-CF8A-400C-B80A-2D9782ED5B10}.Release|Any CPU.ActiveCfg = Release|Any CPU
		{9CB81088-CF8A-400C-B80A-2D9782ED5B10}.Release|Any CPU.Build.0 = Release|Any CPU
		{5E809296-02AA-4657-9FC1-CE0E0828B2B5}.Debug|Any CPU.ActiveCfg = Debug|Any CPU
		{5E809296-02AA-4657-9FC1-CE0E0828B2B5}.Debug|Any CPU.Build.0 = Debug|Any CPU
		{5E809296-02AA-4657-9FC1-CE0E0828B2B5}.Release|Any CPU.ActiveCfg = Release|Any CPU
		{5E809296-02AA-4657-9FC1-CE0E0828B2B5}.Release|Any CPU.Build.0 = Release|Any CPU
		{0AB4E2E3-9F74-4CB9-A25D-5C8FD38D9291}.Debug|Any CPU.ActiveCfg = Debug|Any CPU
		{0AB4E2E3-9F74-4CB9-A25D-5C8FD38D9291}.Debug|Any CPU.Build.0 = Debug|Any CPU
		{0AB4E2E3-9F74-4CB9-A25D-5C8FD38D9291}.Release|Any CPU.ActiveCfg = Release|Any CPU
		{0AB4E2E3-9F74-4CB9-A25D-5C8FD38D9291}.Release|Any CPU.Build.0 = Release|Any CPU
		{23550452-235D-4413-952B-BB8A45CAF8B1}.Debug|Any CPU.ActiveCfg = Debug|Any CPU
		{23550452-235D-4413-952B-BB8A45CAF8B1}.Debug|Any CPU.Build.0 = Debug|Any CPU
		{23550452-235D-4413-952B-BB8A45CAF8B1}.Release|Any CPU.ActiveCfg = Release|Any CPU
		{23550452-235D-4413-952B-BB8A45CAF8B1}.Release|Any CPU.Build.0 = Release|Any CPU
		{643D0EC3-D15E-4061-A3B7-EBB54EEB3069}.Debug|Any CPU.ActiveCfg = Debug|Any CPU
		{643D0EC3-D15E-4061-A3B7-EBB54EEB3069}.Debug|Any CPU.Build.0 = Debug|Any CPU
		{643D0EC3-D15E-4061-A3B7-EBB54EEB3069}.Release|Any CPU.ActiveCfg = Release|Any CPU
		{643D0EC3-D15E-4061-A3B7-EBB54EEB3069}.Release|Any CPU.Build.0 = Release|Any CPU
		{2481997F-AC95-43B2-8A4E-0210E50387D5}.Debug|Any CPU.ActiveCfg = Debug|Any CPU
		{2481997F-AC95-43B2-8A4E-0210E50387D5}.Debug|Any CPU.Build.0 = Debug|Any CPU
		{2481997F-AC95-43B2-8A4E-0210E50387D5}.Release|Any CPU.ActiveCfg = Release|Any CPU
		{2481997F-AC95-43B2-8A4E-0210E50387D5}.Release|Any CPU.Build.0 = Release|Any CPU
		{04580B17-B4FC-41A8-8ABC-336822F4ADB9}.Debug|Any CPU.ActiveCfg = Debug|Any CPU
		{04580B17-B4FC-41A8-8ABC-336822F4ADB9}.Debug|Any CPU.Build.0 = Debug|Any CPU
		{04580B17-B4FC-41A8-8ABC-336822F4ADB9}.Release|Any CPU.ActiveCfg = Release|Any CPU
		{04580B17-B4FC-41A8-8ABC-336822F4ADB9}.Release|Any CPU.Build.0 = Release|Any CPU
		{6CBBB146-851F-49A6-88EC-01FFE455815B}.Debug|Any CPU.ActiveCfg = Debug|Any CPU
		{6CBBB146-851F-49A6-88EC-01FFE455815B}.Debug|Any CPU.Build.0 = Debug|Any CPU
		{6CBBB146-851F-49A6-88EC-01FFE455815B}.Release|Any CPU.ActiveCfg = Release|Any CPU
		{6CBBB146-851F-49A6-88EC-01FFE455815B}.Release|Any CPU.Build.0 = Release|Any CPU
		{3AC7C076-26BA-4185-A0FC-2B97D7AF48D9}.Debug|Any CPU.ActiveCfg = Debug|Any CPU
		{3AC7C076-26BA-4185-A0FC-2B97D7AF48D9}.Debug|Any CPU.Build.0 = Debug|Any CPU
		{3AC7C076-26BA-4185-A0FC-2B97D7AF48D9}.Release|Any CPU.ActiveCfg = Release|Any CPU
		{3AC7C076-26BA-4185-A0FC-2B97D7AF48D9}.Release|Any CPU.Build.0 = Release|Any CPU
		{15CC7358-3A5B-4146-A5CB-78DAE75E88E6}.Debug|Any CPU.ActiveCfg = Debug|Any CPU
		{15CC7358-3A5B-4146-A5CB-78DAE75E88E6}.Debug|Any CPU.Build.0 = Debug|Any CPU
		{15CC7358-3A5B-4146-A5CB-78DAE75E88E6}.Release|Any CPU.ActiveCfg = Release|Any CPU
		{15CC7358-3A5B-4146-A5CB-78DAE75E88E6}.Release|Any CPU.Build.0 = Release|Any CPU
		{75B3DB45-3055-4A22-854A-BD271D5E4218}.Debug|Any CPU.ActiveCfg = Debug|Any CPU
		{75B3DB45-3055-4A22-854A-BD271D5E4218}.Debug|Any CPU.Build.0 = Debug|Any CPU
		{75B3DB45-3055-4A22-854A-BD271D5E4218}.Release|Any CPU.ActiveCfg = Release|Any CPU
		{75B3DB45-3055-4A22-854A-BD271D5E4218}.Release|Any CPU.Build.0 = Release|Any CPU
		{45000ADE-F647-4171-A91A-428CDF682603}.Debug|Any CPU.ActiveCfg = Debug|Any CPU
		{45000ADE-F647-4171-A91A-428CDF682603}.Debug|Any CPU.Build.0 = Debug|Any CPU
		{45000ADE-F647-4171-A91A-428CDF682603}.Release|Any CPU.ActiveCfg = Release|Any CPU
		{45000ADE-F647-4171-A91A-428CDF682603}.Release|Any CPU.Build.0 = Release|Any CPU
		{2CC55F3E-8EA5-4305-8716-D5B944120F82}.Debug|Any CPU.ActiveCfg = Debug|Any CPU
		{2CC55F3E-8EA5-4305-8716-D5B944120F82}.Release|Any CPU.ActiveCfg = Release|Any CPU
	EndGlobalSection
	GlobalSection(SolutionProperties) = preSolution
		HideSolutionNode = FALSE
	EndGlobalSection
	GlobalSection(NestedProjects) = preSolution
		{064D5B81-8D54-4F2F-9649-952F71E27E14} = {2302847B-292A-4650-A852-BDED40E1BB1C}
		{4E5C9208-426B-4536-AF7C-994C07E83FFA} = {8AAB1719-253A-47D2-970F-1911CFEE84B7}
		{4A985241-6698-47AA-A9DD-F3847600D542} = {8AAB1719-253A-47D2-970F-1911CFEE84B7}
		{411F1ECB-053D-470A-9B75-49D715B440D6} = {8AAB1719-253A-47D2-970F-1911CFEE84B7}
		{36F889C0-F5D9-43DF-9E6E-D18C97673973} = {8AAB1719-253A-47D2-970F-1911CFEE84B7}
		{E6268FB3-D38A-4849-A43D-CB0FF7B67E60} = {8AAB1719-253A-47D2-970F-1911CFEE84B7}
		{C9B5BFED-85BC-47AE-8872-0BA97AF7B8B9} = {2302847B-292A-4650-A852-BDED40E1BB1C}
		{CB5E5E27-C723-494D-B288-036267823D28} = {2302847B-292A-4650-A852-BDED40E1BB1C}
		{38F31CBB-034B-4231-91BE-D7D24C8A20F9} = {2302847B-292A-4650-A852-BDED40E1BB1C}
		{53CB563A-BE93-4061-BDB3-AC3B69093A90} = {2302847B-292A-4650-A852-BDED40E1BB1C}
		{6CA1FDE2-ECBA-4580-97C3-A00B707558DB} = {2302847B-292A-4650-A852-BDED40E1BB1C}
		{DC44D096-DF24-41EC-9841-07F33E0A8EA3} = {C4AA9FB1-2A47-4E3A-A78C-BBE20EDCB3E1}
		{1E0545D6-D979-48E0-A311-064BEDCE5A62} = {C4AA9FB1-2A47-4E3A-A78C-BBE20EDCB3E1}
		{BA58CD9C-139B-41AB-915D-962765DFADBA} = {C4AA9FB1-2A47-4E3A-A78C-BBE20EDCB3E1}
		{6E052601-9E0C-473D-A617-AD74DED24DC0} = {C4AA9FB1-2A47-4E3A-A78C-BBE20EDCB3E1}
		{CE6BC11C-E785-4F10-A945-2416FD001689} = {C4AA9FB1-2A47-4E3A-A78C-BBE20EDCB3E1}
		{48827567-3991-4767-BED5-C76CAD47628E} = {C4AA9FB1-2A47-4E3A-A78C-BBE20EDCB3E1}
		{9CB81088-CF8A-400C-B80A-2D9782ED5B10} = {C4AA9FB1-2A47-4E3A-A78C-BBE20EDCB3E1}
		{5E809296-02AA-4657-9FC1-CE0E0828B2B5} = {C4AA9FB1-2A47-4E3A-A78C-BBE20EDCB3E1}
		{0AB4E2E3-9F74-4CB9-A25D-5C8FD38D9291} = {DC441957-AF79-423D-AA60-2F102926F6D2}
		{23550452-235D-4413-952B-BB8A45CAF8B1} = {DC441957-AF79-423D-AA60-2F102926F6D2}
		{643D0EC3-D15E-4061-A3B7-EBB54EEB3069} = {DC441957-AF79-423D-AA60-2F102926F6D2}
		{2481997F-AC95-43B2-8A4E-0210E50387D5} = {DC441957-AF79-423D-AA60-2F102926F6D2}
		{04580B17-B4FC-41A8-8ABC-336822F4ADB9} = {DC441957-AF79-423D-AA60-2F102926F6D2}
		{6CBBB146-851F-49A6-88EC-01FFE455815B} = {DC441957-AF79-423D-AA60-2F102926F6D2}
		{3AC7C076-26BA-4185-A0FC-2B97D7AF48D9} = {DC441957-AF79-423D-AA60-2F102926F6D2}
		{15CC7358-3A5B-4146-A5CB-78DAE75E88E6} = {DC441957-AF79-423D-AA60-2F102926F6D2}
		{45000ADE-F647-4171-A91A-428CDF682603} = {2302847B-292A-4650-A852-BDED40E1BB1C}
		{2CC55F3E-8EA5-4305-8716-D5B944120F82} = {5726BBD8-14F9-4909-B765-3E7709223B61}
	EndGlobalSection
	GlobalSection(ExtensibilityGlobals) = postSolution
		SolutionGuid = {F995719A-8D35-49A3-B271-42898A587F57}
	EndGlobalSection
EndGlobal
